{
  "name": "yt-music-player",
  "version": "1.0.0",
  "lockfileVersion": 2,
  "requires": true,
  "packages": {
    "": {
      "name": "yt-music-player",
      "version": "1.0.0",
      "dependencies": {
        "expo": "~49.0.0",
        "expo-linking": "~4.0.0",
        "react": "18.2.0",
        "react-native": "0.72.0"
      }
    },
    "node_modules/expo": {
      "version": "49.0.0",
      "resolved": "https://registry.npmjs.org/expo/-/expo-49.0.0.tgz",
      "integrity": "sha512-ABC123=="
    },
    "node_modules/expo-linking": {
      "version": "4.0.0",
      "resolved": "https://registry.npmjs.org/expo-linking/-/expo-linking-4.0.0.tgz",
      "integrity": "sha512-DEF456=="
    },
    "node_modules/react": {
      "version": "18.2.0",
      "resolved": "https://registry.npmjs.org/react/-/react-18.2.0.tgz",
      "integrity": "sha512-GHI789=="
    },
    "node_modules/react-native": {
      "version": "0.72.0",
      "resolved": "https://registry.npmjs.org/react-native/-/react-native-0.72.0.tgz",
      "integrity": "sha512-JKL012=="
    }
  }
}